// !$*UTF8*$!
{
	archiveVersion = 1;
	classes = {
	};
	objectVersion = 56;
	objects = {

/* Begin PBXBuildFile section */
		120917B3EB6870EAD8C570DC /* Pods_Spotify.framework in Frameworks */ = {isa = PBXBuildFile; fileRef = F2F403C348180B85B6C9829B /* Pods_Spotify.framework */; };
		630ACB3C2A1EA713004FF322 /* AuthResponse.swift in Sources */ = {isa = PBXBuildFile; fileRef = 630ACB3B2A1EA713004FF322 /* AuthResponse.swift */; };
		631A77512A18EF1900474E03 /* AppDelegate.swift in Sources */ = {isa = PBXBuildFile; fileRef = 631A77502A18EF1900474E03 /* AppDelegate.swift */; };
		631A77532A18EF1900474E03 /* SceneDelegate.swift in Sources */ = {isa = PBXBuildFile; fileRef = 631A77522A18EF1900474E03 /* SceneDelegate.swift */; };
		631A77552A18EF1900474E03 /* HomeViewController.swift in Sources */ = {isa = PBXBuildFile; fileRef = 631A77542A18EF1900474E03 /* HomeViewController.swift */; };
		631A775A2A18EF1B00474E03 /* Assets.xcassets in Resources */ = {isa = PBXBuildFile; fileRef = 631A77592A18EF1B00474E03 /* Assets.xcassets */; };
		631A775D2A18EF1B00474E03 /* LaunchScreen.storyboard in Resources */ = {isa = PBXBuildFile; fileRef = 631A775B2A18EF1B00474E03 /* LaunchScreen.storyboard */; };
		631A776B2A18F9D700474E03 /* TabBarViewController.swift in Sources */ = {isa = PBXBuildFile; fileRef = 631A776A2A18F9D700474E03 /* TabBarViewController.swift */; };
		631A776D2A18FA4900474E03 /* SearchViewController.swift in Sources */ = {isa = PBXBuildFile; fileRef = 631A776C2A18FA4900474E03 /* SearchViewController.swift */; };
		631A776F2A18FA9500474E03 /* LibraryViewController.swift in Sources */ = {isa = PBXBuildFile; fileRef = 631A776E2A18FA9500474E03 /* LibraryViewController.swift */; };
		631A77732A18FB2500474E03 /* AuthViewController.swift in Sources */ = {isa = PBXBuildFile; fileRef = 631A77722A18FB2500474E03 /* AuthViewController.swift */; };
		631A77752A18FB4700474E03 /* WelcomeViewController.swift in Sources */ = {isa = PBXBuildFile; fileRef = 631A77742A18FB4700474E03 /* WelcomeViewController.swift */; };
		631A77772A18FB6C00474E03 /* SettingsViewController.swift in Sources */ = {isa = PBXBuildFile; fileRef = 631A77762A18FB6C00474E03 /* SettingsViewController.swift */; };
		631A77792A18FB9700474E03 /* ProfileViewController.swift in Sources */ = {isa = PBXBuildFile; fileRef = 631A77782A18FB9700474E03 /* ProfileViewController.swift */; };
		631A777B2A18FBBC00474E03 /* PlayerViewController.swift in Sources */ = {isa = PBXBuildFile; fileRef = 631A777A2A18FBBC00474E03 /* PlayerViewController.swift */; };
		631A777D2A18FBD700474E03 /* PlaylistViewController.swift in Sources */ = {isa = PBXBuildFile; fileRef = 631A777C2A18FBD700474E03 /* PlaylistViewController.swift */; };
		631A777F2A18FC0400474E03 /* SearchResultsViewController.swift in Sources */ = {isa = PBXBuildFile; fileRef = 631A777E2A18FC0400474E03 /* SearchResultsViewController.swift */; };
		631A77812A18FC5D00474E03 /* AuthManager.swift in Sources */ = {isa = PBXBuildFile; fileRef = 631A77802A18FC5D00474E03 /* AuthManager.swift */; };
		631A77832A18FC8100474E03 /* APICaller.swift in Sources */ = {isa = PBXBuildFile; fileRef = 631A77822A18FC8100474E03 /* APICaller.swift */; };
		631A77852A18FCCD00474E03 /* HapticsManager.swift in Sources */ = {isa = PBXBuildFile; fileRef = 631A77842A18FCCD00474E03 /* HapticsManager.swift */; };
		631A77872A18FCFE00474E03 /* Playlist.swift in Sources */ = {isa = PBXBuildFile; fileRef = 631A77862A18FCFE00474E03 /* Playlist.swift */; };
		631A77892A18FD1F00474E03 /* AudioTrack.swift in Sources */ = {isa = PBXBuildFile; fileRef = 631A77882A18FD1F00474E03 /* AudioTrack.swift */; };
		631A778B2A18FD6100474E03 /* Artist.swift in Sources */ = {isa = PBXBuildFile; fileRef = 631A778A2A18FD6100474E03 /* Artist.swift */; };
		631A778D2A18FD7B00474E03 /* UserProfile.swift in Sources */ = {isa = PBXBuildFile; fileRef = 631A778C2A18FD7B00474E03 /* UserProfile.swift */; };
		631D377F2A79287A00FCCAE6 /* SearchResultResponse.swift in Sources */ = {isa = PBXBuildFile; fileRef = 631D377E2A79287A00FCCAE6 /* SearchResultResponse.swift */; };
		631D37812A792DDC00FCCAE6 /* SearchResult.swift in Sources */ = {isa = PBXBuildFile; fileRef = 631D37802A792DDC00FCCAE6 /* SearchResult.swift */; };
		63310F2F2A5F3D2E00BB7A12 /* AllCategoriesResponse.swift in Sources */ = {isa = PBXBuildFile; fileRef = 63310F2E2A5F3D2E00BB7A12 /* AllCategoriesResponse.swift */; };
		63421ADA2A463F1D00C348E3 /* NewReleaseCollectionViewCell.swift in Sources */ = {isa = PBXBuildFile; fileRef = 63421AD92A463F1D00C348E3 /* NewReleaseCollectionViewCell.swift */; };
		63421ADC2A463F7100C348E3 /* FeaturePlaylistCollectionViewCell.swift in Sources */ = {isa = PBXBuildFile; fileRef = 63421ADB2A463F7100C348E3 /* FeaturePlaylistCollectionViewCell.swift */; };
		63421ADE2A463FB400C348E3 /* RecommendedTrackCollectionViewCell.swift in Sources */ = {isa = PBXBuildFile; fileRef = 63421ADD2A463FB400C348E3 /* RecommendedTrackCollectionViewCell.swift */; };
		634E44A12A422F6000353E55 /* FeaturedPlaylistsResponse.swift in Sources */ = {isa = PBXBuildFile; fileRef = 634E44A02A422F6000353E55 /* FeaturedPlaylistsResponse.swift */; };
		634E44A32A423EB000353E55 /* RecommendedGenresRespone.swift in Sources */ = {isa = PBXBuildFile; fileRef = 634E44A22A423EB000353E55 /* RecommendedGenresRespone.swift */; };
		634E44A52A437D4E00353E55 /* RecommendationsResponse.swift in Sources */ = {isa = PBXBuildFile; fileRef = 634E44A42A437D4E00353E55 /* RecommendationsResponse.swift */; };
		635504C02A34B65600D6D831 /* NewReleasesResponse.swift in Sources */ = {isa = PBXBuildFile; fileRef = 635504BF2A34B65600D6D831 /* NewReleasesResponse.swift */; };
		635504C22A34B9BD00D6D831 /* APIImage.swift in Sources */ = {isa = PBXBuildFile; fileRef = 635504C12A34B9BD00D6D831 /* APIImage.swift */; };
		635896852A473B36007A12ED /* NewReleasesCellViewModel.swift in Sources */ = {isa = PBXBuildFile; fileRef = 635896842A473B36007A12ED /* NewReleasesCellViewModel.swift */; };
		637175C52A23945A007C8976 /* SettingsModels.swift in Sources */ = {isa = PBXBuildFile; fileRef = 637175C42A23945A007C8976 /* SettingsModels.swift */; };
		6393C4EC2A506A1C009FF549 /* AlbumViewController.swift in Sources */ = {isa = PBXBuildFile; fileRef = 6393C4EB2A506A1C009FF549 /* AlbumViewController.swift */; };
		6396BA2D2A7A880C00EDD72B /* SearchResultSubtitleTableViewCell.swift in Sources */ = {isa = PBXBuildFile; fileRef = 6396BA2C2A7A880C00EDD72B /* SearchResultSubtitleTableViewCell.swift */; };
		6396BA2F2A7A8C7A00EDD72B /* SearchResultSubtitleTableViewCellViewModel.swift in Sources */ = {isa = PBXBuildFile; fileRef = 6396BA2E2A7A8C7A00EDD72B /* SearchResultSubtitleTableViewCellViewModel.swift */; };
		639DD11D2A7955D200B8F5C0 /* SearchResultDefaultTableViewCell.swift in Sources */ = {isa = PBXBuildFile; fileRef = 639DD11C2A7955D200B8F5C0 /* SearchResultDefaultTableViewCell.swift */; };
		639DD11F2A795D6500B8F5C0 /* SearchResultDefaultTableViewCellViewModel.swift in Sources */ = {isa = PBXBuildFile; fileRef = 639DD11E2A795D6500B8F5C0 /* SearchResultDefaultTableViewCellViewModel.swift */; };
		63A1AE312A686E4700635D98 /* CategoryCollectionViewCellViewModel.swift in Sources */ = {isa = PBXBuildFile; fileRef = 63A1AE302A686E4700635D98 /* CategoryCollectionViewCellViewModel.swift */; };
		63A1AE332A68749200635D98 /* CategoryViewController.swift in Sources */ = {isa = PBXBuildFile; fileRef = 63A1AE322A68749200635D98 /* CategoryViewController.swift */; };
		63A8F6F32A5B35D900C52E91 /* TitleHeaderCollectionReusableView.swift in Sources */ = {isa = PBXBuildFile; fileRef = 63A8F6F22A5B35D900C52E91 /* TitleHeaderCollectionReusableView.swift */; };
		63A8F6F52A5CA39A00C52E91 /* AlbumTrackCollectionViewCell.swift in Sources */ = {isa = PBXBuildFile; fileRef = 63A8F6F42A5CA39A00C52E91 /* AlbumTrackCollectionViewCell.swift */; };
		63A8F6F72A5CA7B800C52E91 /* AlbumCollectionViewCellViewModel.swift in Sources */ = {isa = PBXBuildFile; fileRef = 63A8F6F62A5CA7B800C52E91 /* AlbumCollectionViewCellViewModel.swift */; };
		63A8F6F92A5DED1800C52E91 /* CategoryCollectionViewCell.swift in Sources */ = {isa = PBXBuildFile; fileRef = 63A8F6F82A5DED1800C52E91 /* CategoryCollectionViewCell.swift */; };
		63DCB5102A534B9100897B48 /* AlbumDetailsResponse.swift in Sources */ = {isa = PBXBuildFile; fileRef = 63DCB50F2A534B9100897B48 /* AlbumDetailsResponse.swift */; };
		63DCB5122A535E9F00897B48 /* PlaylistDetailsResponse.swift in Sources */ = {isa = PBXBuildFile; fileRef = 63DCB5112A535E9F00897B48 /* PlaylistDetailsResponse.swift */; };
		63DCB5142A54AC0D00897B48 /* PlaylistHeaderCollectionReusableView.swift in Sources */ = {isa = PBXBuildFile; fileRef = 63DCB5132A54AC0D00897B48 /* PlaylistHeaderCollectionReusableView.swift */; };
		63DCB5162A54B30A00897B48 /* PlaylistHeaderViewViewModel.swift in Sources */ = {isa = PBXBuildFile; fileRef = 63DCB5152A54B30A00897B48 /* PlaylistHeaderViewViewModel.swift */; };
		63E062E22A1A83E6001C3B9A /* Extensions.swift in Sources */ = {isa = PBXBuildFile; fileRef = 63E062E12A1A83E6001C3B9A /* Extensions.swift */; };
		63FD6B4D2A4CA1E8005EB4E7 /* FeaturedPlaylistCellViewModel.swift in Sources */ = {isa = PBXBuildFile; fileRef = 63FD6B4C2A4CA1E8005EB4E7 /* FeaturedPlaylistCellViewModel.swift */; };
		63FD6B4F2A4CA2F3005EB4E7 /* RecommendedTrackCellViewModel.swift in Sources */ = {isa = PBXBuildFile; fileRef = 63FD6B4E2A4CA2F3005EB4E7 /* RecommendedTrackCellViewModel.swift */; };
/* End PBXBuildFile section */

/* Begin PBXFileReference section */
		630ACB3B2A1EA713004FF322 /* AuthResponse.swift */ = {isa = PBXFileReference; lastKnownFileType = sourcecode.swift; path = AuthResponse.swift; sourceTree = "<group>"; };
		631A774D2A18EF1900474E03 /* Spotify.app */ = {isa = PBXFileReference; explicitFileType = wrapper.application; includeInIndex = 0; path = Spotify.app; sourceTree = BUILT_PRODUCTS_DIR; };
		631A77502A18EF1900474E03 /* AppDelegate.swift */ = {isa = PBXFileReference; lastKnownFileType = sourcecode.swift; path = AppDelegate.swift; sourceTree = "<group>"; };
		631A77522A18EF1900474E03 /* SceneDelegate.swift */ = {isa = PBXFileReference; lastKnownFileType = sourcecode.swift; path = SceneDelegate.swift; sourceTree = "<group>"; };
		631A77542A18EF1900474E03 /* HomeViewController.swift */ = {isa = PBXFileReference; lastKnownFileType = sourcecode.swift; path = HomeViewController.swift; sourceTree = "<group>"; };
		631A77592A18EF1B00474E03 /* Assets.xcassets */ = {isa = PBXFileReference; lastKnownFileType = folder.assetcatalog; path = Assets.xcassets; sourceTree = "<group>"; };
		631A775C2A18EF1B00474E03 /* Base */ = {isa = PBXFileReference; lastKnownFileType = file.storyboard; name = Base; path = Base.lproj/LaunchScreen.storyboard; sourceTree = "<group>"; };
		631A775E2A18EF1B00474E03 /* Info.plist */ = {isa = PBXFileReference; lastKnownFileType = text.plist.xml; path = Info.plist; sourceTree = "<group>"; };
		631A776A2A18F9D700474E03 /* TabBarViewController.swift */ = {isa = PBXFileReference; lastKnownFileType = sourcecode.swift; path = TabBarViewController.swift; sourceTree = "<group>"; };
		631A776C2A18FA4900474E03 /* SearchViewController.swift */ = {isa = PBXFileReference; lastKnownFileType = sourcecode.swift; path = SearchViewController.swift; sourceTree = "<group>"; };
		631A776E2A18FA9500474E03 /* LibraryViewController.swift */ = {isa = PBXFileReference; lastKnownFileType = sourcecode.swift; path = LibraryViewController.swift; sourceTree = "<group>"; };
		631A77722A18FB2500474E03 /* AuthViewController.swift */ = {isa = PBXFileReference; lastKnownFileType = sourcecode.swift; path = AuthViewController.swift; sourceTree = "<group>"; };
		631A77742A18FB4700474E03 /* WelcomeViewController.swift */ = {isa = PBXFileReference; lastKnownFileType = sourcecode.swift; path = WelcomeViewController.swift; sourceTree = "<group>"; };
		631A77762A18FB6C00474E03 /* SettingsViewController.swift */ = {isa = PBXFileReference; lastKnownFileType = sourcecode.swift; path = SettingsViewController.swift; sourceTree = "<group>"; };
		631A77782A18FB9700474E03 /* ProfileViewController.swift */ = {isa = PBXFileReference; lastKnownFileType = sourcecode.swift; path = ProfileViewController.swift; sourceTree = "<group>"; };
		631A777A2A18FBBC00474E03 /* PlayerViewController.swift */ = {isa = PBXFileReference; lastKnownFileType = sourcecode.swift; path = PlayerViewController.swift; sourceTree = "<group>"; };
		631A777C2A18FBD700474E03 /* PlaylistViewController.swift */ = {isa = PBXFileReference; lastKnownFileType = sourcecode.swift; path = PlaylistViewController.swift; sourceTree = "<group>"; };
		631A777E2A18FC0400474E03 /* SearchResultsViewController.swift */ = {isa = PBXFileReference; lastKnownFileType = sourcecode.swift; path = SearchResultsViewController.swift; sourceTree = "<group>"; };
		631A77802A18FC5D00474E03 /* AuthManager.swift */ = {isa = PBXFileReference; lastKnownFileType = sourcecode.swift; path = AuthManager.swift; sourceTree = "<group>"; };
		631A77822A18FC8100474E03 /* APICaller.swift */ = {isa = PBXFileReference; lastKnownFileType = sourcecode.swift; path = APICaller.swift; sourceTree = "<group>"; };
		631A77842A18FCCD00474E03 /* HapticsManager.swift */ = {isa = PBXFileReference; lastKnownFileType = sourcecode.swift; path = HapticsManager.swift; sourceTree = "<group>"; };
		631A77862A18FCFE00474E03 /* Playlist.swift */ = {isa = PBXFileReference; lastKnownFileType = sourcecode.swift; path = Playlist.swift; sourceTree = "<group>"; };
		631A77882A18FD1F00474E03 /* AudioTrack.swift */ = {isa = PBXFileReference; lastKnownFileType = sourcecode.swift; path = AudioTrack.swift; sourceTree = "<group>"; };
		631A778A2A18FD6100474E03 /* Artist.swift */ = {isa = PBXFileReference; lastKnownFileType = sourcecode.swift; path = Artist.swift; sourceTree = "<group>"; };
		631A778C2A18FD7B00474E03 /* UserProfile.swift */ = {isa = PBXFileReference; lastKnownFileType = sourcecode.swift; path = UserProfile.swift; sourceTree = "<group>"; };
		631D377E2A79287A00FCCAE6 /* SearchResultResponse.swift */ = {isa = PBXFileReference; lastKnownFileType = sourcecode.swift; path = SearchResultResponse.swift; sourceTree = "<group>"; };
		631D37802A792DDC00FCCAE6 /* SearchResult.swift */ = {isa = PBXFileReference; lastKnownFileType = sourcecode.swift; path = SearchResult.swift; sourceTree = "<group>"; };
		63310F2E2A5F3D2E00BB7A12 /* AllCategoriesResponse.swift */ = {isa = PBXFileReference; lastKnownFileType = sourcecode.swift; path = AllCategoriesResponse.swift; sourceTree = "<group>"; };
		63421AD92A463F1D00C348E3 /* NewReleaseCollectionViewCell.swift */ = {isa = PBXFileReference; lastKnownFileType = sourcecode.swift; path = NewReleaseCollectionViewCell.swift; sourceTree = "<group>"; };
		63421ADB2A463F7100C348E3 /* FeaturePlaylistCollectionViewCell.swift */ = {isa = PBXFileReference; lastKnownFileType = sourcecode.swift; path = FeaturePlaylistCollectionViewCell.swift; sourceTree = "<group>"; };
		63421ADD2A463FB400C348E3 /* RecommendedTrackCollectionViewCell.swift */ = {isa = PBXFileReference; lastKnownFileType = sourcecode.swift; path = RecommendedTrackCollectionViewCell.swift; sourceTree = "<group>"; };
		634E44A02A422F6000353E55 /* FeaturedPlaylistsResponse.swift */ = {isa = PBXFileReference; lastKnownFileType = sourcecode.swift; path = FeaturedPlaylistsResponse.swift; sourceTree = "<group>"; };
		634E44A22A423EB000353E55 /* RecommendedGenresRespone.swift */ = {isa = PBXFileReference; lastKnownFileType = sourcecode.swift; path = RecommendedGenresRespone.swift; sourceTree = "<group>"; };
		634E44A42A437D4E00353E55 /* RecommendationsResponse.swift */ = {isa = PBXFileReference; lastKnownFileType = sourcecode.swift; path = RecommendationsResponse.swift; sourceTree = "<group>"; };
		635504BF2A34B65600D6D831 /* NewReleasesResponse.swift */ = {isa = PBXFileReference; lastKnownFileType = sourcecode.swift; path = NewReleasesResponse.swift; sourceTree = "<group>"; };
		635504C12A34B9BD00D6D831 /* APIImage.swift */ = {isa = PBXFileReference; lastKnownFileType = sourcecode.swift; path = APIImage.swift; sourceTree = "<group>"; };
		635896842A473B36007A12ED /* NewReleasesCellViewModel.swift */ = {isa = PBXFileReference; lastKnownFileType = sourcecode.swift; path = NewReleasesCellViewModel.swift; sourceTree = "<group>"; };
		637175C42A23945A007C8976 /* SettingsModels.swift */ = {isa = PBXFileReference; lastKnownFileType = sourcecode.swift; path = SettingsModels.swift; sourceTree = "<group>"; };
		6393C4EB2A506A1C009FF549 /* AlbumViewController.swift */ = {isa = PBXFileReference; lastKnownFileType = sourcecode.swift; path = AlbumViewController.swift; sourceTree = "<group>"; };
		6396BA2C2A7A880C00EDD72B /* SearchResultSubtitleTableViewCell.swift */ = {isa = PBXFileReference; lastKnownFileType = sourcecode.swift; path = SearchResultSubtitleTableViewCell.swift; sourceTree = "<group>"; };
		6396BA2E2A7A8C7A00EDD72B /* SearchResultSubtitleTableViewCellViewModel.swift */ = {isa = PBXFileReference; lastKnownFileType = sourcecode.swift; path = SearchResultSubtitleTableViewCellViewModel.swift; sourceTree = "<group>"; };
		639DD11C2A7955D200B8F5C0 /* SearchResultDefaultTableViewCell.swift */ = {isa = PBXFileReference; lastKnownFileType = sourcecode.swift; path = SearchResultDefaultTableViewCell.swift; sourceTree = "<group>"; };
		639DD11E2A795D6500B8F5C0 /* SearchResultDefaultTableViewCellViewModel.swift */ = {isa = PBXFileReference; lastKnownFileType = sourcecode.swift; path = SearchResultDefaultTableViewCellViewModel.swift; sourceTree = "<group>"; };
		63A1AE302A686E4700635D98 /* CategoryCollectionViewCellViewModel.swift */ = {isa = PBXFileReference; lastKnownFileType = sourcecode.swift; path = CategoryCollectionViewCellViewModel.swift; sourceTree = "<group>"; };
		63A1AE322A68749200635D98 /* CategoryViewController.swift */ = {isa = PBXFileReference; lastKnownFileType = sourcecode.swift; path = CategoryViewController.swift; sourceTree = "<group>"; };
		63A8F6F22A5B35D900C52E91 /* TitleHeaderCollectionReusableView.swift */ = {isa = PBXFileReference; lastKnownFileType = sourcecode.swift; path = TitleHeaderCollectionReusableView.swift; sourceTree = "<group>"; };
		63A8F6F42A5CA39A00C52E91 /* AlbumTrackCollectionViewCell.swift */ = {isa = PBXFileReference; lastKnownFileType = sourcecode.swift; path = AlbumTrackCollectionViewCell.swift; sourceTree = "<group>"; };
		63A8F6F62A5CA7B800C52E91 /* AlbumCollectionViewCellViewModel.swift */ = {isa = PBXFileReference; lastKnownFileType = sourcecode.swift; path = AlbumCollectionViewCellViewModel.swift; sourceTree = "<group>"; };
		63A8F6F82A5DED1800C52E91 /* CategoryCollectionViewCell.swift */ = {isa = PBXFileReference; lastKnownFileType = sourcecode.swift; path = CategoryCollectionViewCell.swift; sourceTree = "<group>"; };
		63DCB50F2A534B9100897B48 /* AlbumDetailsResponse.swift */ = {isa = PBXFileReference; lastKnownFileType = sourcecode.swift; path = AlbumDetailsResponse.swift; sourceTree = "<group>"; };
		63DCB5112A535E9F00897B48 /* PlaylistDetailsResponse.swift */ = {isa = PBXFileReference; lastKnownFileType = sourcecode.swift; path = PlaylistDetailsResponse.swift; sourceTree = "<group>"; };
		63DCB5132A54AC0D00897B48 /* PlaylistHeaderCollectionReusableView.swift */ = {isa = PBXFileReference; lastKnownFileType = sourcecode.swift; path = PlaylistHeaderCollectionReusableView.swift; sourceTree = "<group>"; };
		63DCB5152A54B30A00897B48 /* PlaylistHeaderViewViewModel.swift */ = {isa = PBXFileReference; lastKnownFileType = sourcecode.swift; path = PlaylistHeaderViewViewModel.swift; sourceTree = "<group>"; };
		63E062E12A1A83E6001C3B9A /* Extensions.swift */ = {isa = PBXFileReference; lastKnownFileType = sourcecode.swift; path = Extensions.swift; sourceTree = "<group>"; };
		63FD6B4C2A4CA1E8005EB4E7 /* FeaturedPlaylistCellViewModel.swift */ = {isa = PBXFileReference; lastKnownFileType = sourcecode.swift; path = FeaturedPlaylistCellViewModel.swift; sourceTree = "<group>"; };
		63FD6B4E2A4CA2F3005EB4E7 /* RecommendedTrackCellViewModel.swift */ = {isa = PBXFileReference; lastKnownFileType = sourcecode.swift; path = RecommendedTrackCellViewModel.swift; sourceTree = "<group>"; };
		6FA533AE019586E5F81F9B5D /* Pods-Spotify.release.xcconfig */ = {isa = PBXFileReference; includeInIndex = 1; lastKnownFileType = text.xcconfig; name = "Pods-Spotify.release.xcconfig"; path = "Target Support Files/Pods-Spotify/Pods-Spotify.release.xcconfig"; sourceTree = "<group>"; };
		B84F98F6665E5F3ED1F4976B /* Pods-Spotify.debug.xcconfig */ = {isa = PBXFileReference; includeInIndex = 1; lastKnownFileType = text.xcconfig; name = "Pods-Spotify.debug.xcconfig"; path = "Target Support Files/Pods-Spotify/Pods-Spotify.debug.xcconfig"; sourceTree = "<group>"; };
		F2F403C348180B85B6C9829B /* Pods_Spotify.framework */ = {isa = PBXFileReference; explicitFileType = wrapper.framework; includeInIndex = 0; path = Pods_Spotify.framework; sourceTree = BUILT_PRODUCTS_DIR; };
/* End PBXFileReference section */

/* Begin PBXFrameworksBuildPhase section */
		631A774A2A18EF1900474E03 /* Frameworks */ = {
			isa = PBXFrameworksBuildPhase;
			buildActionMask = 2147483647;
			files = (
				120917B3EB6870EAD8C570DC /* Pods_Spotify.framework in Frameworks */,
			);
			runOnlyForDeploymentPostprocessing = 0;
		};
/* End PBXFrameworksBuildPhase section */

/* Begin PBXGroup section */
		631A77442A18EF1900474E03 = {
			isa = PBXGroup;
			children = (
				631A774F2A18EF1900474E03 /* Spotify */,
				631A774E2A18EF1900474E03 /* Products */,
				9562C1C5C4EAC2F11FEDFDE0 /* Pods */,
				D6CD36F33537ACCA910E9B9D /* Frameworks */,
			);
			sourceTree = "<group>";
		};
		631A774E2A18EF1900474E03 /* Products */ = {
			isa = PBXGroup;
			children = (
				631A774D2A18EF1900474E03 /* Spotify.app */,
			);
			name = Products;
			sourceTree = "<group>";
		};
		631A774F2A18EF1900474E03 /* Spotify */ = {
			isa = PBXGroup;
			children = (
				631A77692A18F04800474E03 /* Resources */,
				631A77682A18F02400474E03 /* Managers */,
				631A77672A18F00D00474E03 /* ViewModels */,
				631A77662A18EFEC00474E03 /* Models */,
				631A77652A18EFD500474E03 /* Views */,
				631A77642A18EFBD00474E03 /* Controllers */,
				631A775E2A18EF1B00474E03 /* Info.plist */,
			);
			path = Spotify;
			sourceTree = "<group>";
		};
		631A77642A18EFBD00474E03 /* Controllers */ = {
			isa = PBXGroup;
			children = (
				631A77712A18FAF400474E03 /* Other */,
				631A77702A18FAD200474E03 /* Core */,
			);
			path = Controllers;
			sourceTree = "<group>";
		};
		631A77652A18EFD500474E03 /* Views */ = {
			isa = PBXGroup;
			children = (
				639DD1192A79546E00B8F5C0 /* SearchResultCells */,
				63421AD82A463EBC00C348E3 /* Browse */,
				631A775B2A18EF1B00474E03 /* LaunchScreen.storyboard */,
				63DCB5132A54AC0D00897B48 /* PlaylistHeaderCollectionReusableView.swift */,
				63A8F6F22A5B35D900C52E91 /* TitleHeaderCollectionReusableView.swift */,
				63A8F6F42A5CA39A00C52E91 /* AlbumTrackCollectionViewCell.swift */,
				63A8F6F82A5DED1800C52E91 /* CategoryCollectionViewCell.swift */,
				6396BA2C2A7A880C00EDD72B /* SearchResultSubtitleTableViewCell.swift */,
			);
			path = Views;
			sourceTree = "<group>";
		};
		631A77662A18EFEC00474E03 /* Models */ = {
			isa = PBXGroup;
			children = (
				631A77862A18FCFE00474E03 /* Playlist.swift */,
				631A77882A18FD1F00474E03 /* AudioTrack.swift */,
				631A778A2A18FD6100474E03 /* Artist.swift */,
				631A778C2A18FD7B00474E03 /* UserProfile.swift */,
				630ACB3B2A1EA713004FF322 /* AuthResponse.swift */,
				637175C42A23945A007C8976 /* SettingsModels.swift */,
				635504BF2A34B65600D6D831 /* NewReleasesResponse.swift */,
				635504C12A34B9BD00D6D831 /* APIImage.swift */,
				634E44A02A422F6000353E55 /* FeaturedPlaylistsResponse.swift */,
				634E44A22A423EB000353E55 /* RecommendedGenresRespone.swift */,
				634E44A42A437D4E00353E55 /* RecommendationsResponse.swift */,
				63DCB50F2A534B9100897B48 /* AlbumDetailsResponse.swift */,
				63DCB5112A535E9F00897B48 /* PlaylistDetailsResponse.swift */,
				63310F2E2A5F3D2E00BB7A12 /* AllCategoriesResponse.swift */,
				631D377E2A79287A00FCCAE6 /* SearchResultResponse.swift */,
				631D37802A792DDC00FCCAE6 /* SearchResult.swift */,
			);
			path = Models;
			sourceTree = "<group>";
		};
		631A77672A18F00D00474E03 /* ViewModels */ = {
			isa = PBXGroup;
			children = (
				635896842A473B36007A12ED /* NewReleasesCellViewModel.swift */,
				63FD6B4C2A4CA1E8005EB4E7 /* FeaturedPlaylistCellViewModel.swift */,
				63FD6B4E2A4CA2F3005EB4E7 /* RecommendedTrackCellViewModel.swift */,
				63DCB5152A54B30A00897B48 /* PlaylistHeaderViewViewModel.swift */,
				63A8F6F62A5CA7B800C52E91 /* AlbumCollectionViewCellViewModel.swift */,
				63A1AE302A686E4700635D98 /* CategoryCollectionViewCellViewModel.swift */,
				639DD11E2A795D6500B8F5C0 /* SearchResultDefaultTableViewCellViewModel.swift */,
				6396BA2E2A7A8C7A00EDD72B /* SearchResultSubtitleTableViewCellViewModel.swift */,
			);
			path = ViewModels;
			sourceTree = "<group>";
		};
		631A77682A18F02400474E03 /* Managers */ = {
			isa = PBXGroup;
			children = (
				631A77802A18FC5D00474E03 /* AuthManager.swift */,
				631A77822A18FC8100474E03 /* APICaller.swift */,
				631A77842A18FCCD00474E03 /* HapticsManager.swift */,
			);
			path = Managers;
			sourceTree = "<group>";
		};
		631A77692A18F04800474E03 /* Resources */ = {
			isa = PBXGroup;
			children = (
				631A77592A18EF1B00474E03 /* Assets.xcassets */,
				631A77502A18EF1900474E03 /* AppDelegate.swift */,
				631A77522A18EF1900474E03 /* SceneDelegate.swift */,
				63E062E12A1A83E6001C3B9A /* Extensions.swift */,
			);
			path = Resources;
			sourceTree = "<group>";
		};
		631A77702A18FAD200474E03 /* Core */ = {
			isa = PBXGroup;
			children = (
				631A776A2A18F9D700474E03 /* TabBarViewController.swift */,
				631A77542A18EF1900474E03 /* HomeViewController.swift */,
				631A776C2A18FA4900474E03 /* SearchViewController.swift */,
				631A776E2A18FA9500474E03 /* LibraryViewController.swift */,
			);
			path = Core;
			sourceTree = "<group>";
		};
		631A77712A18FAF400474E03 /* Other */ = {
			isa = PBXGroup;
			children = (
				631A77722A18FB2500474E03 /* AuthViewController.swift */,
				631A77742A18FB4700474E03 /* WelcomeViewController.swift */,
				631A77762A18FB6C00474E03 /* SettingsViewController.swift */,
				631A77782A18FB9700474E03 /* ProfileViewController.swift */,
				631A777A2A18FBBC00474E03 /* PlayerViewController.swift */,
				631A777C2A18FBD700474E03 /* PlaylistViewController.swift */,
				631A777E2A18FC0400474E03 /* SearchResultsViewController.swift */,
				6393C4EB2A506A1C009FF549 /* AlbumViewController.swift */,
				63A1AE322A68749200635D98 /* CategoryViewController.swift */,
			);
			path = Other;
			sourceTree = "<group>";
		};
		63421AD82A463EBC00C348E3 /* Browse */ = {
			isa = PBXGroup;
			children = (
				63421AD92A463F1D00C348E3 /* NewReleaseCollectionViewCell.swift */,
				63421ADB2A463F7100C348E3 /* FeaturePlaylistCollectionViewCell.swift */,
				63421ADD2A463FB400C348E3 /* RecommendedTrackCollectionViewCell.swift */,
			);
			name = Browse;
			sourceTree = "<group>";
		};
		639DD1192A79546E00B8F5C0 /* SearchResultCells */ = {
			isa = PBXGroup;
			children = (
				639DD11C2A7955D200B8F5C0 /* SearchResultDefaultTableViewCell.swift */,
			);
			name = SearchResultCells;
			sourceTree = "<group>";
		};
		9562C1C5C4EAC2F11FEDFDE0 /* Pods */ = {
			isa = PBXGroup;
			children = (
				B84F98F6665E5F3ED1F4976B /* Pods-Spotify.debug.xcconfig */,
				6FA533AE019586E5F81F9B5D /* Pods-Spotify.release.xcconfig */,
			);
			path = Pods;
			sourceTree = "<group>";
		};
		D6CD36F33537ACCA910E9B9D /* Frameworks */ = {
			isa = PBXGroup;
			children = (
				F2F403C348180B85B6C9829B /* Pods_Spotify.framework */,
			);
			name = Frameworks;
			sourceTree = "<group>";
		};
/* End PBXGroup section */

/* Begin PBXNativeTarget section */
		631A774C2A18EF1900474E03 /* Spotify */ = {
			isa = PBXNativeTarget;
			buildConfigurationList = 631A77612A18EF1B00474E03 /* Build configuration list for PBXNativeTarget "Spotify" */;
			buildPhases = (
				442C34A51E3839DBDB5DC674 /* [CP] Check Pods Manifest.lock */,
				631A77492A18EF1900474E03 /* Sources */,
				631A774A2A18EF1900474E03 /* Frameworks */,
				631A774B2A18EF1900474E03 /* Resources */,
				4DE8AB2B949424E1B7F6F17A /* [CP] Embed Pods Frameworks */,
			);
			buildRules = (
			);
			dependencies = (
			);
			name = Spotify;
			productName = Spotify;
			productReference = 631A774D2A18EF1900474E03 /* Spotify.app */;
			productType = "com.apple.product-type.application";
		};
/* End PBXNativeTarget section */

/* Begin PBXProject section */
		631A77452A18EF1900474E03 /* Project object */ = {
			isa = PBXProject;
			attributes = {
				BuildIndependentTargetsInParallel = 1;
				LastSwiftUpdateCheck = 1420;
				LastUpgradeCheck = 1420;
				TargetAttributes = {
					631A774C2A18EF1900474E03 = {
						CreatedOnToolsVersion = 14.2;
					};
				};
			};
			buildConfigurationList = 631A77482A18EF1900474E03 /* Build configuration list for PBXProject "Spotify" */;
			compatibilityVersion = "Xcode 14.0";
			developmentRegion = en;
			hasScannedForEncodings = 0;
			knownRegions = (
				en,
				Base,
			);
			mainGroup = 631A77442A18EF1900474E03;
			productRefGroup = 631A774E2A18EF1900474E03 /* Products */;
			projectDirPath = "";
			projectRoot = "";
			targets = (
				631A774C2A18EF1900474E03 /* Spotify */,
			);
		};
/* End PBXProject section */

/* Begin PBXResourcesBuildPhase section */
		631A774B2A18EF1900474E03 /* Resources */ = {
			isa = PBXResourcesBuildPhase;
			buildActionMask = 2147483647;
			files = (
				631A775D2A18EF1B00474E03 /* LaunchScreen.storyboard in Resources */,
				631A775A2A18EF1B00474E03 /* Assets.xcassets in Resources */,
			);
			runOnlyForDeploymentPostprocessing = 0;
		};
/* End PBXResourcesBuildPhase section */

/* Begin PBXShellScriptBuildPhase section */
		442C34A51E3839DBDB5DC674 /* [CP] Check Pods Manifest.lock */ = {
			isa = PBXShellScriptBuildPhase;
			buildActionMask = 2147483647;
			files = (
			);
			inputFileListPaths = (
			);
			inputPaths = (
				"${PODS_PODFILE_DIR_PATH}/Podfile.lock",
				"${PODS_ROOT}/Manifest.lock",
			);
			name = "[CP] Check Pods Manifest.lock";
			outputFileListPaths = (
			);
			outputPaths = (
				"$(DERIVED_FILE_DIR)/Pods-Spotify-checkManifestLockResult.txt",
			);
			runOnlyForDeploymentPostprocessing = 0;
			shellPath = /bin/sh;
			shellScript = "diff \"${PODS_PODFILE_DIR_PATH}/Podfile.lock\" \"${PODS_ROOT}/Manifest.lock\" > /dev/null\nif [ $? != 0 ] ; then\n    # print error to STDERR\n    echo \"error: The sandbox is not in sync with the Podfile.lock. Run 'pod install' or update your CocoaPods installation.\" >&2\n    exit 1\nfi\n# This output is used by Xcode 'outputs' to avoid re-running this script phase.\necho \"SUCCESS\" > \"${SCRIPT_OUTPUT_FILE_0}\"\n";
			showEnvVarsInLog = 0;
		};
		4DE8AB2B949424E1B7F6F17A /* [CP] Embed Pods Frameworks */ = {
			isa = PBXShellScriptBuildPhase;
			buildActionMask = 2147483647;
			files = (
			);
			inputFileListPaths = (
				"${PODS_ROOT}/Target Support Files/Pods-Spotify/Pods-Spotify-frameworks-${CONFIGURATION}-input-files.xcfilelist",
			);
			name = "[CP] Embed Pods Frameworks";
			outputFileListPaths = (
				"${PODS_ROOT}/Target Support Files/Pods-Spotify/Pods-Spotify-frameworks-${CONFIGURATION}-output-files.xcfilelist",
			);
			runOnlyForDeploymentPostprocessing = 0;
			shellPath = /bin/sh;
			shellScript = "\"${PODS_ROOT}/Target Support Files/Pods-Spotify/Pods-Spotify-frameworks.sh\"\n";
			showEnvVarsInLog = 0;
		};
/* End PBXShellScriptBuildPhase section */

/* Begin PBXSourcesBuildPhase section */
		631A77492A18EF1900474E03 /* Sources */ = {
			isa = PBXSourcesBuildPhase;
			buildActionMask = 2147483647;
			files = (
				631A776D2A18FA4900474E03 /* SearchViewController.swift in Sources */,
				63DCB5122A535E9F00897B48 /* PlaylistDetailsResponse.swift in Sources */,
				631A77872A18FCFE00474E03 /* Playlist.swift in Sources */,
				631D377F2A79287A00FCCAE6 /* SearchResultResponse.swift in Sources */,
				631A77812A18FC5D00474E03 /* AuthManager.swift in Sources */,
				635896852A473B36007A12ED /* NewReleasesCellViewModel.swift in Sources */,
				63A8F6F72A5CA7B800C52E91 /* AlbumCollectionViewCellViewModel.swift in Sources */,
				63FD6B4F2A4CA2F3005EB4E7 /* RecommendedTrackCellViewModel.swift in Sources */,
				63421ADC2A463F7100C348E3 /* FeaturePlaylistCollectionViewCell.swift in Sources */,
				63A1AE332A68749200635D98 /* CategoryViewController.swift in Sources */,
				63310F2F2A5F3D2E00BB7A12 /* AllCategoriesResponse.swift in Sources */,
				63A8F6F32A5B35D900C52E91 /* TitleHeaderCollectionReusableView.swift in Sources */,
				6393C4EC2A506A1C009FF549 /* AlbumViewController.swift in Sources */,
				63DCB5162A54B30A00897B48 /* PlaylistHeaderViewViewModel.swift in Sources */,
				631A777F2A18FC0400474E03 /* SearchResultsViewController.swift in Sources */,
				6396BA2F2A7A8C7A00EDD72B /* SearchResultSubtitleTableViewCellViewModel.swift in Sources */,
				631A77752A18FB4700474E03 /* WelcomeViewController.swift in Sources */,
				631A77792A18FB9700474E03 /* ProfileViewController.swift in Sources */,
				63FD6B4D2A4CA1E8005EB4E7 /* FeaturedPlaylistCellViewModel.swift in Sources */,
				639DD11D2A7955D200B8F5C0 /* SearchResultDefaultTableViewCell.swift in Sources */,
				631A776B2A18F9D700474E03 /* TabBarViewController.swift in Sources */,
				63421ADE2A463FB400C348E3 /* RecommendedTrackCollectionViewCell.swift in Sources */,
				631A77852A18FCCD00474E03 /* HapticsManager.swift in Sources */,
				63A8F6F92A5DED1800C52E91 /* CategoryCollectionViewCell.swift in Sources */,
				630ACB3C2A1EA713004FF322 /* AuthResponse.swift in Sources */,
				6396BA2D2A7A880C00EDD72B /* SearchResultSubtitleTableViewCell.swift in Sources */,
				635504C02A34B65600D6D831 /* NewReleasesResponse.swift in Sources */,
				63A8F6F52A5CA39A00C52E91 /* AlbumTrackCollectionViewCell.swift in Sources */,
				635504C22A34B9BD00D6D831 /* APIImage.swift in Sources */,
				634E44A52A437D4E00353E55 /* RecommendationsResponse.swift in Sources */,
				631A77892A18FD1F00474E03 /* AudioTrack.swift in Sources */,
				639DD11F2A795D6500B8F5C0 /* SearchResultDefaultTableViewCellViewModel.swift in Sources */,
				631A77552A18EF1900474E03 /* HomeViewController.swift in Sources */,
				63421ADA2A463F1D00C348E3 /* NewReleaseCollectionViewCell.swift in Sources */,
				631A77732A18FB2500474E03 /* AuthViewController.swift in Sources */,
				634E44A12A422F6000353E55 /* FeaturedPlaylistsResponse.swift in Sources */,
				631A77512A18EF1900474E03 /* AppDelegate.swift in Sources */,
				631A778D2A18FD7B00474E03 /* UserProfile.swift in Sources */,
				631D37812A792DDC00FCCAE6 /* SearchResult.swift in Sources */,
				63DCB5142A54AC0D00897B48 /* PlaylistHeaderCollectionReusableView.swift in Sources */,
				63E062E22A1A83E6001C3B9A /* Extensions.swift in Sources */,
				631A776F2A18FA9500474E03 /* LibraryViewController.swift in Sources */,
				631A778B2A18FD6100474E03 /* Artist.swift in Sources */,
				637175C52A23945A007C8976 /* SettingsModels.swift in Sources */,
				631A777D2A18FBD700474E03 /* PlaylistViewController.swift in Sources */,
				631A77532A18EF1900474E03 /* SceneDelegate.swift in Sources */,
				63DCB5102A534B9100897B48 /* AlbumDetailsResponse.swift in Sources */,
				631A777B2A18FBBC00474E03 /* PlayerViewController.swift in Sources */,
				634E44A32A423EB000353E55 /* RecommendedGenresRespone.swift in Sources */,
				631A77832A18FC8100474E03 /* APICaller.swift in Sources */,
				63A1AE312A686E4700635D98 /* CategoryCollectionViewCellViewModel.swift in Sources */,
				631A77772A18FB6C00474E03 /* SettingsViewController.swift in Sources */,
			);
			runOnlyForDeploymentPostprocessing = 0;
		};
/* End PBXSourcesBuildPhase section */

/* Begin PBXVariantGroup section */
		631A775B2A18EF1B00474E03 /* LaunchScreen.storyboard */ = {
			isa = PBXVariantGroup;
			children = (
				631A775C2A18EF1B00474E03 /* Base */,
			);
			name = LaunchScreen.storyboard;
			sourceTree = "<group>";
		};
/* End PBXVariantGroup section */

/* Begin XCBuildConfiguration section */
		631A775F2A18EF1B00474E03 /* Debug */ = {
			isa = XCBuildConfiguration;
			buildSettings = {
				ALWAYS_SEARCH_USER_PATHS = NO;
				CLANG_ANALYZER_NONNULL = YES;
				CLANG_ANALYZER_NUMBER_OBJECT_CONVERSION = YES_AGGRESSIVE;
				CLANG_CXX_LANGUAGE_STANDARD = "gnu++20";
				CLANG_ENABLE_MODULES = YES;
				CLANG_ENABLE_OBJC_ARC = YES;
				CLANG_ENABLE_OBJC_WEAK = YES;
				CLANG_WARN_BLOCK_CAPTURE_AUTORELEASING = YES;
				CLANG_WARN_BOOL_CONVERSION = YES;
				CLANG_WARN_COMMA = YES;
				CLANG_WARN_CONSTANT_CONVERSION = YES;
				CLANG_WARN_DEPRECATED_OBJC_IMPLEMENTATIONS = YES;
				CLANG_WARN_DIRECT_OBJC_ISA_USAGE = YES_ERROR;
				CLANG_WARN_DOCUMENTATION_COMMENTS = YES;
				CLANG_WARN_EMPTY_BODY = YES;
				CLANG_WARN_ENUM_CONVERSION = YES;
				CLANG_WARN_INFINITE_RECURSION = YES;
				CLANG_WARN_INT_CONVERSION = YES;
				CLANG_WARN_NON_LITERAL_NULL_CONVERSION = YES;
				CLANG_WARN_OBJC_IMPLICIT_RETAIN_SELF = YES;
				CLANG_WARN_OBJC_LITERAL_CONVERSION = YES;
				CLANG_WARN_OBJC_ROOT_CLASS = YES_ERROR;
				CLANG_WARN_QUOTED_INCLUDE_IN_FRAMEWORK_HEADER = YES;
				CLANG_WARN_RANGE_LOOP_ANALYSIS = YES;
				CLANG_WARN_STRICT_PROTOTYPES = YES;
				CLANG_WARN_SUSPICIOUS_MOVE = YES;
				CLANG_WARN_UNGUARDED_AVAILABILITY = YES_AGGRESSIVE;
				CLANG_WARN_UNREACHABLE_CODE = YES;
				CLANG_WARN__DUPLICATE_METHOD_MATCH = YES;
				COPY_PHASE_STRIP = NO;
				DEBUG_INFORMATION_FORMAT = dwarf;
				ENABLE_STRICT_OBJC_MSGSEND = YES;
				ENABLE_TESTABILITY = YES;
				GCC_C_LANGUAGE_STANDARD = gnu11;
				GCC_DYNAMIC_NO_PIC = NO;
				GCC_NO_COMMON_BLOCKS = YES;
				GCC_OPTIMIZATION_LEVEL = 0;
				GCC_PREPROCESSOR_DEFINITIONS = (
					"DEBUG=1",
					"$(inherited)",
				);
				GCC_WARN_64_TO_32_BIT_CONVERSION = YES;
				GCC_WARN_ABOUT_RETURN_TYPE = YES_ERROR;
				GCC_WARN_UNDECLARED_SELECTOR = YES;
				GCC_WARN_UNINITIALIZED_AUTOS = YES_AGGRESSIVE;
				GCC_WARN_UNUSED_FUNCTION = YES;
				GCC_WARN_UNUSED_VARIABLE = YES;
				IPHONEOS_DEPLOYMENT_TARGET = 16.2;
				MTL_ENABLE_DEBUG_INFO = INCLUDE_SOURCE;
				MTL_FAST_MATH = YES;
				ONLY_ACTIVE_ARCH = YES;
				SDKROOT = iphoneos;
				SWIFT_ACTIVE_COMPILATION_CONDITIONS = DEBUG;
				SWIFT_OPTIMIZATION_LEVEL = "-Onone";
			};
			name = Debug;
		};
		631A77602A18EF1B00474E03 /* Release */ = {
			isa = XCBuildConfiguration;
			buildSettings = {
				ALWAYS_SEARCH_USER_PATHS = NO;
				CLANG_ANALYZER_NONNULL = YES;
				CLANG_ANALYZER_NUMBER_OBJECT_CONVERSION = YES_AGGRESSIVE;
				CLANG_CXX_LANGUAGE_STANDARD = "gnu++20";
				CLANG_ENABLE_MODULES = YES;
				CLANG_ENABLE_OBJC_ARC = YES;
				CLANG_ENABLE_OBJC_WEAK = YES;
				CLANG_WARN_BLOCK_CAPTURE_AUTORELEASING = YES;
				CLANG_WARN_BOOL_CONVERSION = YES;
				CLANG_WARN_COMMA = YES;
				CLANG_WARN_CONSTANT_CONVERSION = YES;
				CLANG_WARN_DEPRECATED_OBJC_IMPLEMENTATIONS = YES;
				CLANG_WARN_DIRECT_OBJC_ISA_USAGE = YES_ERROR;
				CLANG_WARN_DOCUMENTATION_COMMENTS = YES;
				CLANG_WARN_EMPTY_BODY = YES;
				CLANG_WARN_ENUM_CONVERSION = YES;
				CLANG_WARN_INFINITE_RECURSION = YES;
				CLANG_WARN_INT_CONVERSION = YES;
				CLANG_WARN_NON_LITERAL_NULL_CONVERSION = YES;
				CLANG_WARN_OBJC_IMPLICIT_RETAIN_SELF = YES;
				CLANG_WARN_OBJC_LITERAL_CONVERSION = YES;
				CLANG_WARN_OBJC_ROOT_CLASS = YES_ERROR;
				CLANG_WARN_QUOTED_INCLUDE_IN_FRAMEWORK_HEADER = YES;
				CLANG_WARN_RANGE_LOOP_ANALYSIS = YES;
				CLANG_WARN_STRICT_PROTOTYPES = YES;
				CLANG_WARN_SUSPICIOUS_MOVE = YES;
				CLANG_WARN_UNGUARDED_AVAILABILITY = YES_AGGRESSIVE;
				CLANG_WARN_UNREACHABLE_CODE = YES;
				CLANG_WARN__DUPLICATE_METHOD_MATCH = YES;
				COPY_PHASE_STRIP = NO;
				DEBUG_INFORMATION_FORMAT = "dwarf-with-dsym";
				ENABLE_NS_ASSERTIONS = NO;
				ENABLE_STRICT_OBJC_MSGSEND = YES;
				GCC_C_LANGUAGE_STANDARD = gnu11;
				GCC_NO_COMMON_BLOCKS = YES;
				GCC_WARN_64_TO_32_BIT_CONVERSION = YES;
				GCC_WARN_ABOUT_RETURN_TYPE = YES_ERROR;
				GCC_WARN_UNDECLARED_SELECTOR = YES;
				GCC_WARN_UNINITIALIZED_AUTOS = YES_AGGRESSIVE;
				GCC_WARN_UNUSED_FUNCTION = YES;
				GCC_WARN_UNUSED_VARIABLE = YES;
				IPHONEOS_DEPLOYMENT_TARGET = 16.2;
				MTL_ENABLE_DEBUG_INFO = NO;
				MTL_FAST_MATH = YES;
				SDKROOT = iphoneos;
				SWIFT_COMPILATION_MODE = wholemodule;
				SWIFT_OPTIMIZATION_LEVEL = "-O";
				VALIDATE_PRODUCT = YES;
			};
			name = Release;
		};
		631A77622A18EF1B00474E03 /* Debug */ = {
			isa = XCBuildConfiguration;
			baseConfigurationReference = B84F98F6665E5F3ED1F4976B /* Pods-Spotify.debug.xcconfig */;
			buildSettings = {
				ASSETCATALOG_COMPILER_APPICON_NAME = AppIcon;
				ASSETCATALOG_COMPILER_GLOBAL_ACCENT_COLOR_NAME = AccentColor;
				CODE_SIGN_STYLE = Automatic;
				CURRENT_PROJECT_VERSION = 1;
				DEVELOPMENT_TEAM = X8NTYMGXRX;
				GENERATE_INFOPLIST_FILE = YES;
				INFOPLIST_FILE = Spotify/Info.plist;
				INFOPLIST_KEY_UIApplicationSupportsIndirectInputEvents = YES;
				INFOPLIST_KEY_UILaunchStoryboardName = LaunchScreen;
				INFOPLIST_KEY_UISupportedInterfaceOrientations_iPad = "UIInterfaceOrientationPortrait UIInterfaceOrientationPortraitUpsideDown UIInterfaceOrientationLandscapeLeft UIInterfaceOrientationLandscapeRight";
				INFOPLIST_KEY_UISupportedInterfaceOrientations_iPhone = "UIInterfaceOrientationPortrait UIInterfaceOrientationLandscapeLeft UIInterfaceOrientationLandscapeRight";
				LD_RUNPATH_SEARCH_PATHS = (
					"$(inherited)",
					"@executable_path/Frameworks",
				);
				MARKETING_VERSION = 1.0;
				PRODUCT_BUNDLE_IDENTIFIER = com.example.Spotify;
				PRODUCT_NAME = "$(TARGET_NAME)";
				SWIFT_EMIT_LOC_STRINGS = YES;
				SWIFT_VERSION = 5.0;
				TARGETED_DEVICE_FAMILY = "1,2";
			};
			name = Debug;
		};
		631A77632A18EF1B00474E03 /* Release */ = {
			isa = XCBuildConfiguration;
			baseConfigurationReference = 6FA533AE019586E5F81F9B5D /* Pods-Spotify.release.xcconfig */;
			buildSettings = {
				ASSETCATALOG_COMPILER_APPICON_NAME = AppIcon;
				ASSETCATALOG_COMPILER_GLOBAL_ACCENT_COLOR_NAME = AccentColor;
				CODE_SIGN_STYLE = Automatic;
				CURRENT_PROJECT_VERSION = 1;
				DEVELOPMENT_TEAM = X8NTYMGXRX;
				GENERATE_INFOPLIST_FILE = YES;
				INFOPLIST_FILE = Spotify/Info.plist;
				INFOPLIST_KEY_UIApplicationSupportsIndirectInputEvents = YES;
				INFOPLIST_KEY_UILaunchStoryboardName = LaunchScreen;
				INFOPLIST_KEY_UISupportedInterfaceOrientations_iPad = "UIInterfaceOrientationPortrait UIInterfaceOrientationPortraitUpsideDown UIInterfaceOrientationLandscapeLeft UIInterfaceOrientationLandscapeRight";
				INFOPLIST_KEY_UISupportedInterfaceOrientations_iPhone = "UIInterfaceOrientationPortrait UIInterfaceOrientationLandscapeLeft UIInterfaceOrientationLandscapeRight";
				LD_RUNPATH_SEARCH_PATHS = (
					"$(inherited)",
					"@executable_path/Frameworks",
				);
				MARKETING_VERSION = 1.0;
				PRODUCT_BUNDLE_IDENTIFIER = com.example.Spotify;
				PRODUCT_NAME = "$(TARGET_NAME)";
				SWIFT_EMIT_LOC_STRINGS = YES;
				SWIFT_VERSION = 5.0;
				TARGETED_DEVICE_FAMILY = "1,2";
			};
			name = Release;
		};
/* End XCBuildConfiguration section */

/* Begin XCConfigurationList section */
		631A77482A18EF1900474E03 /* Build configuration list for PBXProject "Spotify" */ = {
			isa = XCConfigurationList;
			buildConfigurations = (
				631A775F2A18EF1B00474E03 /* Debug */,
				631A77602A18EF1B00474E03 /* Release */,
			);
			defaultConfigurationIsVisible = 0;
			defaultConfigurationName = Release;
		};
		631A77612A18EF1B00474E03 /* Build configuration list for PBXNativeTarget "Spotify" */ = {
			isa = XCConfigurationList;
			buildConfigurations = (
				631A77622A18EF1B00474E03 /* Debug */,
				631A77632A18EF1B00474E03 /* Release */,
			);
			defaultConfigurationIsVisible = 0;
			defaultConfigurationName = Release;
		};
/* End XCConfigurationList section */
	};
	rootObject = 631A77452A18EF1900474E03 /* Project object */;
}
